Microsoft Visual Studio Solution File, Format Version 12.00
# Visual Studio Version 17
VisualStudioVersion = 17.5.2.0
MinimumVisualStudioVersion = 10.0.40219.1
Project("{FAE04EC0-301F-11D3-BF4B-00C04F79EFBC}") = "CiaDeTalentos.Dashboard", "CiaDeTalentos.Dashboard\CiaDeTalentos.Dashboard.csproj", "{56AAF7B7-494B-6B1A-5913-EBFD7B516780}"
EndProject
Global
	GlobalSection(SolutionConfigurationPlatforms) = preSolution
		Debug|Any CPU = Debug|Any CPU
		Release|Any CPU = Release|Any CPU
	EndGlobalSection
	GlobalSection(ProjectConfigurationPlatforms) = postSolution
		{56AAF7B7-494B-6B1A-5913-EBFD7B516780}.Debug|Any CPU.ActiveCfg = Debug|Any CPU
		{56AAF7B7-494B-6B1A-5913-EBFD7B516780}.Debug|Any CPU.Build.0 = Debug|Any CPU
		{56AAF7B7-494B-6B1A-5913-EBFD7B516780}.Release|Any CPU.ActiveCfg = Release|Any CPU
		{56AAF7B7-494B-6B1A-5913-EBFD7B516780}.Release|Any CPU.Build.0 = Release|Any CPU
	EndGlobalSection
	GlobalSection(SolutionProperties) = preSolution
		HideSolutionNode = FALSE
	EndGlobalSection
	GlobalSection(ExtensibilityGlobals) = postSolution
		SolutionGuid = {727DE019-BFEA-4BC1-9184-CAE86EC3DB33}
	EndGlobalSection
EndGlobal
